
Microsoft Visual Studio Solution File, Format Version 12.00
# Visual Studio 14
VisualStudioVersion = 14.0.25420.1
MinimumVisualStudioVersion = 10.0.40219.1
Project("{FAE04EC0-301F-11D3-BF4B-00C04F79EFBC}") = "Synerion", "Synerion\Synerion.csproj", "{E69D395D-4791-419A-8BE1-8B5CE07EBAC1}"
EndProject
Project("{FAE04EC0-301F-11D3-BF4B-00C04F79EFBC}") = "SynerionTest", "SynerionTest\SynerionTest.csproj", "{55467E6C-9DD0-4353-98B9-55ABCF7FF114}"
EndProject
Project("{2150E333-8FDC-42A3-9474-1A3956D46DE8}") = "Solution Items", "Solution Items", "{D8E2A852-105B-4CD0-BF54-EFDB3318B26D}"
	ProjectSection(SolutionItems) = preProject
		..\Synerion - CSharp Challenge 2017.docx = ..\Synerion - CSharp Challenge 2017.docx
	EndProjectSection
EndProject
Global
	GlobalSection(SolutionConfigurationPlatforms) = preSolution
		Debug|Any CPU = Debug|Any CPU
		Release|Any CPU = Release|Any CPU
	EndGlobalSection
	GlobalSection(ProjectConfigurationPlatforms) = postSolution
		{E69D395D-4791-419A-8BE1-8B5CE07EBAC1}.Debug|Any CPU.ActiveCfg = Debug|Any CPU
		{E69D395D-4791-419A-8BE1-8B5CE07EBAC1}.Debug|Any CPU.Build.0 = Debug|Any CPU
		{E69D395D-4791-419A-8BE1-8B5CE07EBAC1}.Release|Any CPU.ActiveCfg = Release|Any CPU
		{E69D395D-4791-419A-8BE1-8B5CE07EBAC1}.Release|Any CPU.Build.0 = Release|Any CPU
		{55467E6C-9DD0-4353-98B9-55ABCF7FF114}.Debug|Any CPU.ActiveCfg = Debug|Any CPU
		{55467E6C-9DD0-4353-98B9-55ABCF7FF114}.Debug|Any CPU.Build.0 = Debug|Any CPU
		{55467E6C-9DD0-4353-98B9-55ABCF7FF114}.Release|Any CPU.ActiveCfg = Release|Any CPU
		{55467E6C-9DD0-4353-98B9-55ABCF7FF114}.Release|Any CPU.Build.0 = Release|Any CPU
	EndGlobalSection
	GlobalSection(SolutionProperties) = preSolution
		HideSolutionNode = FALSE
	EndGlobalSection
EndGlobal
